
Microsoft Visual Studio Solution File, Format Version 11.00
# Visual Studio 2010
Project("{FAE04EC0-301F-11D3-BF4B-00C04F79EFBC}") = "ScriptDependencyExtension", "ScriptDependencyExtension\ScriptDependencyExtension.csproj", "{16DFCCF3-87E8-4706-ADF9-EA66CE40E204}"
EndProject
Project("{FAE04EC0-301F-11D3-BF4B-00C04F79EFBC}") = "ScriptDependencyTests", "ScriptDependencyTests\ScriptDependencyTests.csproj", "{4C7FAF3D-1846-417B-B4C2-2F65C4A0A3A0}"
EndProject
Project("{FAE04EC0-301F-11D3-BF4B-00C04F79EFBC}") = "ScriptDependencyExtensionWebsite", "ScriptDependencyWebsite\ScriptDependencyExtensionWebsite.csproj", "{22210BAC-BFBC-4229-B4DC-C775A7899800}"
EndProject
Global
	GlobalSection(SolutionConfigurationPlatforms) = preSolution
		Debug|Any CPU = Debug|Any CPU
		Release|Any CPU = Release|Any CPU
	EndGlobalSection
	GlobalSection(ProjectConfigurationPlatforms) = postSolution
		{16DFCCF3-87E8-4706-ADF9-EA66CE40E204}.Debug|Any CPU.ActiveCfg = Debug|Any CPU
		{16DFCCF3-87E8-4706-ADF9-EA66CE40E204}.Debug|Any CPU.Build.0 = Debug|Any CPU
		{16DFCCF3-87E8-4706-ADF9-EA66CE40E204}.Release|Any CPU.ActiveCfg = Release|Any CPU
		{16DFCCF3-87E8-4706-ADF9-EA66CE40E204}.Release|Any CPU.Build.0 = Release|Any CPU
		{4C7FAF3D-1846-417B-B4C2-2F65C4A0A3A0}.Debug|Any CPU.ActiveCfg = Debug|Any CPU
		{4C7FAF3D-1846-417B-B4C2-2F65C4A0A3A0}.Debug|Any CPU.Build.0 = Debug|Any CPU
		{4C7FAF3D-1846-417B-B4C2-2F65C4A0A3A0}.Release|Any CPU.ActiveCfg = Release|Any CPU
		{4C7FAF3D-1846-417B-B4C2-2F65C4A0A3A0}.Release|Any CPU.Build.0 = Release|Any CPU
		{22210BAC-BFBC-4229-B4DC-C775A7899800}.Debug|Any CPU.ActiveCfg = Debug|Any CPU
		{22210BAC-BFBC-4229-B4DC-C775A7899800}.Debug|Any CPU.Build.0 = Debug|Any CPU
		{22210BAC-BFBC-4229-B4DC-C775A7899800}.Release|Any CPU.ActiveCfg = Release|Any CPU
		{22210BAC-BFBC-4229-B4DC-C775A7899800}.Release|Any CPU.Build.0 = Release|Any CPU
	EndGlobalSection
	GlobalSection(SolutionProperties) = preSolution
		HideSolutionNode = FALSE
	EndGlobalSection
EndGlobal
