
Microsoft Visual Studio Solution File, Format Version 11.00
# Visual Studio 2010
Project("{FAE04EC0-301F-11D3-BF4B-00C04F79EFBC}") = "ScriptDependencyExtension", "ScriptDependencyExtension\ScriptDependencyExtension.csproj", "{16DFCCF3-87E8-4706-ADF9-EA66CE40E204}"
EndProject
Project("{FAE04EC0-301F-11D3-BF4B-00C04F79EFBC}") = "ScriptDependencyTests", "ScriptDependencyTests\ScriptDependencyTests.csproj", "{4C7FAF3D-1846-417B-B4C2-2F65C4A0A3A0}"
EndProject
Project("{FAE04EC0-301F-11D3-BF4B-00C04F79EFBC}") = "ScriptDependencyExtensionWebsite", "ScriptDependencyWebsite\ScriptDependencyExtensionWebsite.csproj", "{22210BAC-BFBC-4229-B4DC-C775A7899800}"
EndProject
Project("{2150E333-8FDC-42A3-9474-1A3956D46DE8}") = "Solution Items", "Solution Items", "{7A11646B-4D5A-4D16-897F-FAD0C7662916}"
	ProjectSection(SolutionItems) = preProject
		Local.testsettings = Local.testsettings
		ScriptDependencyExtension.vsmdi = ScriptDependencyExtension.vsmdi
		TraceAndTestImpact.testsettings = TraceAndTestImpact.testsettings
	EndProjectSection
EndProject
Project("{2150E333-8FDC-42A3-9474-1A3956D46DE8}") = "Dependencies", "Dependencies", "{F50B783D-EC64-420C-8718-E32CEAC64FBB}"
	ProjectSection(SolutionItems) = preProject
		Dependencies\AjaxMin.dll = Dependencies\AjaxMin.dll
	EndProjectSection
EndProject
Project("{2150E333-8FDC-42A3-9474-1A3956D46DE8}") = "Nuget Package", "Nuget Package", "{CE52B283-C21C-4B2B-A154-78C3B838162C}"
	ProjectSection(SolutionItems) = preProject
		Nuget Package\ScriptHelper.nuspec = Nuget Package\ScriptHelper.nuspec
	EndProjectSection
EndProject
Project("{2150E333-8FDC-42A3-9474-1A3956D46DE8}") = "content", "content", "{26AE7DF7-A281-4E8E-9CC4-23435F011299}"
	ProjectSection(SolutionItems) = preProject
		Nuget Package\content\ScriptDependencies.xml = Nuget Package\content\ScriptDependencies.xml
		Nuget Package\content\Web.config.transform = Nuget Package\content\Web.config.transform
	EndProjectSection
EndProject
Project("{2150E333-8FDC-42A3-9474-1A3956D46DE8}") = "lib", "lib", "{D7F1BEC6-7D76-4B91-AFF0-DD36A1665D3C}"
	ProjectSection(SolutionItems) = preProject
		Nuget Package\lib\AjaxMin.dll = Nuget Package\lib\AjaxMin.dll
		Nuget Package\lib\ScriptDependencyExtension.dll = Nuget Package\lib\ScriptDependencyExtension.dll
	EndProjectSection
EndProject
Global
	GlobalSection(TestCaseManagementSettings) = postSolution
		CategoryFile = ScriptDependencyExtension.vsmdi
	EndGlobalSection
	GlobalSection(SolutionConfigurationPlatforms) = preSolution
		Debug|Any CPU = Debug|Any CPU
		Release|Any CPU = Release|Any CPU
	EndGlobalSection
	GlobalSection(ProjectConfigurationPlatforms) = postSolution
		{16DFCCF3-87E8-4706-ADF9-EA66CE40E204}.Debug|Any CPU.ActiveCfg = Debug|Any CPU
		{16DFCCF3-87E8-4706-ADF9-EA66CE40E204}.Debug|Any CPU.Build.0 = Debug|Any CPU
		{16DFCCF3-87E8-4706-ADF9-EA66CE40E204}.Release|Any CPU.ActiveCfg = Release|Any CPU
		{16DFCCF3-87E8-4706-ADF9-EA66CE40E204}.Release|Any CPU.Build.0 = Release|Any CPU
		{4C7FAF3D-1846-417B-B4C2-2F65C4A0A3A0}.Debug|Any CPU.ActiveCfg = Debug|Any CPU
		{4C7FAF3D-1846-417B-B4C2-2F65C4A0A3A0}.Debug|Any CPU.Build.0 = Debug|Any CPU
		{4C7FAF3D-1846-417B-B4C2-2F65C4A0A3A0}.Release|Any CPU.ActiveCfg = Release|Any CPU
		{4C7FAF3D-1846-417B-B4C2-2F65C4A0A3A0}.Release|Any CPU.Build.0 = Release|Any CPU
		{22210BAC-BFBC-4229-B4DC-C775A7899800}.Debug|Any CPU.ActiveCfg = Debug|Any CPU
		{22210BAC-BFBC-4229-B4DC-C775A7899800}.Debug|Any CPU.Build.0 = Debug|Any CPU
		{22210BAC-BFBC-4229-B4DC-C775A7899800}.Release|Any CPU.ActiveCfg = Release|Any CPU
		{22210BAC-BFBC-4229-B4DC-C775A7899800}.Release|Any CPU.Build.0 = Release|Any CPU
	EndGlobalSection
	GlobalSection(SolutionProperties) = preSolution
		HideSolutionNode = FALSE
	EndGlobalSection
	GlobalSection(NestedProjects) = preSolution
		{CE52B283-C21C-4B2B-A154-78C3B838162C} = {7A11646B-4D5A-4D16-897F-FAD0C7662916}
		{26AE7DF7-A281-4E8E-9CC4-23435F011299} = {CE52B283-C21C-4B2B-A154-78C3B838162C}
		{D7F1BEC6-7D76-4B91-AFF0-DD36A1665D3C} = {CE52B283-C21C-4B2B-A154-78C3B838162C}
	EndGlobalSection
EndGlobal
